{
  "name": "minisite-md",
  "version": "1.0.0",
  "lockfileVersion": 3,
  "requires": true,
  "packages": {
    "": {
      "name": "minisite-md",
      "version": "1.0.0",
      "license": "ISC",
      "dependencies": {
        "samengine": "^1.9.1"
      }
    },
    "node_modules/samengine": {
      "version": "1.9.1",
      "resolved": "https://registry.npmjs.org/samengine/-/samengine-1.9.1.tgz",
      "integrity": "sha512-wdgiE7IIm8j90dTxmOK23SrGt4+3ac3TywQkMS2Pf6VCavZZ4x0UqebmdtlXYUps091HFINYxoyD6uqwvFHbPA==",
      "license": "MIT"
    }
  }
}
