{
  "name": "minisite-md",
  "version": "1.0.0",
  "lockfileVersion": 3,
  "requires": true,
  "packages": {
    "": {
      "name": "minisite-md",
      "version": "1.0.0",
      "license": "ISC",
      "dependencies": {
        "samengine-cli": "2.0.5"
      }
    },
    "node_modules/samengine-cli": {
      "version": "2.0.5",
      "resolved": "https://registry.npmjs.org/samengine-cli/-/samengine-cli-2.0.5.tgz",
      "integrity": "sha512-AtyC/dQYBdVXob6kaYcBmbb/wrG5RA3/hE22dJuTCjDxaEmf4kZ2zG0epekc/EoMEhFLED8wxsMkKqy45kvUWQ==",
      "license": "MIT",
      "bin": {
        "sam-cli": "dist/cli/index.js"
      }
    }
  }
}
